
Microsoft Visual Studio Solution File, Format Version 12.00
# Visual Studio Version 17
VisualStudioVersion = 17.9.34622.214
MinimumVisualStudioVersion = 10.0.40219.1
Project("{FAE04EC0-301F-11D3-BF4B-00C04F79EFBC}") = "Simple Calculator", "Simple Calculator\Simple Calculator.csproj", "{BED2A4A8-7ECD-45E0-8729-5D59D0A76549}"
EndProject
Global
	GlobalSection(SolutionConfigurationPlatforms) = preSolution
		Debug|Any CPU = Debug|Any CPU
		Release|Any CPU = Release|Any CPU
	EndGlobalSection
	GlobalSection(ProjectConfigurationPlatforms) = postSolution
		{BED2A4A8-7ECD-45E0-8729-5D59D0A76549}.Debug|Any CPU.ActiveCfg = Debug|Any CPU
		{BED2A4A8-7ECD-45E0-8729-5D59D0A76549}.Debug|Any CPU.Build.0 = Debug|Any CPU
		{BED2A4A8-7ECD-45E0-8729-5D59D0A76549}.Release|Any CPU.ActiveCfg = Release|Any CPU
		{BED2A4A8-7ECD-45E0-8729-5D59D0A76549}.Release|Any CPU.Build.0 = Release|Any CPU
	EndGlobalSection
	GlobalSection(SolutionProperties) = preSolution
		HideSolutionNode = FALSE
	EndGlobalSection
	GlobalSection(ExtensibilityGlobals) = postSolution
		SolutionGuid = {0A777262-76B2-44AF-A189-688792804191}
	EndGlobalSection
EndGlobal
